
Microsoft Visual Studio Solution File, Format Version 12.00
# Visual Studio Version 17
VisualStudioVersion = 17.8.34330.188
MinimumVisualStudioVersion = 10.0.40219.1
Project("{FAE04EC0-301F-11D3-BF4B-00C04F79EFBC}") = "tokenization-func", "tokenization-func.csproj", "{D5401EA5-7CFA-498E-BE37-2F98C02E2130}"
EndProject
Global
	GlobalSection(SolutionConfigurationPlatforms) = preSolution
		Debug|Any CPU = Debug|Any CPU
		Release|Any CPU = Release|Any CPU
	EndGlobalSection
	GlobalSection(ProjectConfigurationPlatforms) = postSolution
		{D5401EA5-7CFA-498E-BE37-2F98C02E2130}.Debug|Any CPU.ActiveCfg = Debug|Any CPU
		{D5401EA5-7CFA-498E-BE37-2F98C02E2130}.Debug|Any CPU.Build.0 = Debug|Any CPU
		{D5401EA5-7CFA-498E-BE37-2F98C02E2130}.Release|Any CPU.ActiveCfg = Release|Any CPU
		{D5401EA5-7CFA-498E-BE37-2F98C02E2130}.Release|Any CPU.Build.0 = Release|Any CPU
	EndGlobalSection
	GlobalSection(SolutionProperties) = preSolution
		HideSolutionNode = FALSE
	EndGlobalSection
	GlobalSection(ExtensibilityGlobals) = postSolution
		SolutionGuid = {4DD61C1B-6A7A-4889-A690-33647B7F1329}
	EndGlobalSection
EndGlobal
